{
  "nodes": {
    "cachyos-kernel": {
      "flake": false,
      "locked": {
        "lastModified": 1780413908,
        "narHash": "sha256-T15bnskj20rdc4vJ55bFF2lVCVR8edilWn0hiYR7vVs=",
        "owner": "CachyOS",
        "repo": "linux-cachyos",
        "rev": "a61f943f5e94b75c5600a2968cb699d0e37945b3",
        "type": "github"
      },
      "original": {
        "owner": "CachyOS",
        "repo": "linux-cachyos",
        "type": "github"
      }
    },
    "cachyos-kernel-patches": {
      "flake": false,
      "locked": {
        "lastModified": 1780462466,
        "narHash": "sha256-t6c7FTqMB0skEz+4tei5v8GEyL4fRDgx24oW3LrnYiE=",
        "owner": "CachyOS",
        "repo": "kernel-patches",
        "rev": "bb41330bd4372672f552beda66712fb70b17f0fa",
        "type": "github"
      },
      "original": {
        "owner": "CachyOS",
        "repo": "kernel-patches",
        "type": "github"
      }
    },
    "flake-compat": {
      "flake": false,
      "locked": {
        "lastModified": 1767039857,
        "narHash": "sha256-vNpUSpF5Nuw8xvDLj2KCwwksIbjua2LZCqhV1LNRDns=",
        "owner": "NixOS",
        "repo": "flake-compat",
        "rev": "5edf11c44bc78a0d334f6334cdaf7d60d732daab",
        "type": "github"
      },
      "original": {
        "owner": "NixOS",
        "repo": "flake-compat",
        "type": "github"
      }
    },
    "flake-parts": {
      "inputs": {
        "nixpkgs-lib": "nixpkgs-lib"
      },
      "locked": {
        "lastModified": 1778716662,
        "narHash": "sha256-m1Yf0wZ8j1OHjTc2UwHwyQRSnNeSgLJOd7q5Y45hzi4=",
        "owner": "hercules-ci",
        "repo": "flake-parts",
        "rev": "f7c1a2d347e4c52d5fb8d10cb4d94b5884e546fb",
        "type": "github"
      },
      "original": {
        "owner": "hercules-ci",
        "repo": "flake-parts",
        "type": "github"
      }
    },
    "flake-parts_2": {
      "inputs": {
        "nixpkgs-lib": [
          "nixpak",
          "nixpkgs"
        ]
      },
      "locked": {
        "lastModified": 1778716662,
        "narHash": "sha256-m1Yf0wZ8j1OHjTc2UwHwyQRSnNeSgLJOd7q5Y45hzi4=",
        "owner": "hercules-ci",
        "repo": "flake-parts",
        "rev": "f7c1a2d347e4c52d5fb8d10cb4d94b5884e546fb",
        "type": "github"
      },
      "original": {
        "owner": "hercules-ci",
        "repo": "flake-parts",
        "type": "github"
      }
    },
    "hercules-ci-effects": {
      "inputs": {
        "flake-parts": [
          "nixpak",
          "flake-parts"
        ],
        "nixpkgs": [
          "nixpak",
          "nixpkgs"
        ]
      },
      "locked": {
        "lastModified": 1778930899,
        "narHash": "sha256-OOEWyt8ma7QAysDbiP65J7li7KIdtZfnbA11gFnwyEI=",
        "owner": "hercules-ci",
        "repo": "hercules-ci-effects",
        "rev": "af4331c44f13977b6964745454eadcfee2d244d1",
        "type": "github"
      },
      "original": {
        "owner": "hercules-ci",
        "repo": "hercules-ci-effects",
        "type": "github"
      }
    },
    "home-manager": {
      "inputs": {
        "nixpkgs": [
          "nixpkgs"
        ]
      },
      "locked": {
        "lastModified": 1781063120,
        "narHash": "sha256-1UIF/mDJluwJQjmmcZ2j1L2+mjYsefe82QCLj0TYSOg=",
        "owner": "nix-community",
        "repo": "home-manager",
        "rev": "baa46aeb6d02e0ba13de67cd35e3d57aedfacf01",
        "type": "github"
      },
      "original": {
        "owner": "nix-community",
        "ref": "release-26.05",
        "repo": "home-manager",
        "type": "github"
      }
    },
    "libnbtplusplus": {
      "flake": false,
      "locked": {
        "lastModified": 1772016279,
        "narHash": "sha256-7itkptyjoRcXfGLwg1/jxajetZ3a4mDc66+w4X6yW8s=",
        "owner": "PrismLauncher",
        "repo": "libnbtplusplus",
        "rev": "687e43031df0dc641984b4256bcca50d5b3f7de3",
        "type": "github"
      },
      "original": {
        "owner": "PrismLauncher",
        "repo": "libnbtplusplus",
        "type": "github"
      }
    },
    "nix-cachyos-kernel": {
      "inputs": {
        "cachyos-kernel": "cachyos-kernel",
        "cachyos-kernel-patches": "cachyos-kernel-patches",
        "flake-compat": "flake-compat",
        "flake-parts": "flake-parts",
        "nixpkgs": "nixpkgs"
      },
      "locked": {
        "lastModified": 1780771919,
        "narHash": "sha256-cbace1ZTWYFG0luPL7OFlUxDh/t9lmPj+Isvg9hLN0k=",
        "owner": "xddxdd",
        "repo": "nix-cachyos-kernel",
        "rev": "3d940a534da0ba6bce60e345ff2c9c7b062087fb",
        "type": "github"
      },
      "original": {
        "owner": "xddxdd",
        "ref": "release",
        "repo": "nix-cachyos-kernel",
        "type": "github"
      }
    },
    "nixos-hardware": {
      "inputs": {
        "nixpkgs": [
          "nixpkgs"
        ]
      },
      "locked": {
        "lastModified": 1781168557,
        "narHash": "sha256-LOnLQ2tpYF9gqIDDr3+j3DbpJJr/QCH6zPRT2GzEUOE=",
        "owner": "NixOS",
        "repo": "nixos-hardware",
        "rev": "6358ff76821101c178e3ab4919a62799bfe3652e",
        "type": "github"
      },
      "original": {
        "owner": "NixOS",
        "repo": "nixos-hardware",
        "type": "github"
      }
    },
    "nixpak": {
      "inputs": {
        "flake-parts": "flake-parts_2",
        "hercules-ci-effects": "hercules-ci-effects",
        "nixpkgs": [
          "nixpkgs"
        ]
      },
      "locked": {
        "lastModified": 1781356953,
        "narHash": "sha256-Z6+m8YqDkW/7wF0RSqbisR2TbBM6opAT60eTOe/o91g=",
        "owner": "nixpak",
        "repo": "nixpak",
        "rev": "26b2c3bfcc07c548ffa4c66121b397303bcf50f5",
        "type": "github"
      },
      "original": {
        "owner": "nixpak",
        "repo": "nixpak",
        "type": "github"
      }
    },
    "nixpkgs": {
      "locked": {
        "lastModified": 1780751787,
        "narHash": "sha256-nWR7F46SyrLvN8Ot39XJDpVCswekGakXlOD4KsTYKW0=",
        "owner": "NixOS",
        "repo": "nixpkgs",
        "rev": "00fa9a692bafc08a86061886f888b843bf7fbdb0",
        "type": "github"
      },
      "original": {
        "owner": "NixOS",
        "ref": "nixos-unstable-small",
        "repo": "nixpkgs",
        "type": "github"
      }
    },
    "nixpkgs-lib": {
      "locked": {
        "lastModified": 1777168982,
        "narHash": "sha256-GOkGPcboWE9BmGCRMLX3worL4EMnsnG8MyKmXNeYuhQ=",
        "owner": "nix-community",
        "repo": "nixpkgs.lib",
        "rev": "f5901329dade4a6ea039af1433fb087bd9c1fe14",
        "type": "github"
      },
      "original": {
        "owner": "nix-community",
        "repo": "nixpkgs.lib",
        "type": "github"
      }
    },
    "nixpkgs_2": {
      "locked": {
        "lastModified": 1780902259,
        "narHash": "sha256-q8yYEC5f1mFlQO9RGna4LTc9QrcvWunX6FYp83munkQ=",
        "owner": "nixos",
        "repo": "nixpkgs",
        "rev": "bd0ff2d3eac24699c3664d5966b9ef36f388e2ca",
        "type": "github"
      },
      "original": {
        "owner": "nixos",
        "ref": "nixos-26.05",
        "repo": "nixpkgs",
        "type": "github"
      }
    },
    "prism-cracked": {
      "inputs": {
        "libnbtplusplus": "libnbtplusplus",
        "nixpkgs": [
          "nixpkgs"
        ]
      },
      "locked": {
        "lastModified": 1776795718,
        "narHash": "sha256-YrqHeE9ZEnmxJiXE+IBAxbmNRFPE7mn9KbxZ3Mpu388=",
        "owner": "Diegiwg",
        "repo": "PrismLauncher-Cracked",
        "rev": "0c20d448a3c89cbff85ef5dc7420bf60dc1e65ff",
        "type": "github"
      },
      "original": {
        "owner": "Diegiwg",
        "repo": "PrismLauncher-Cracked",
        "type": "github"
      }
    },
    "root": {
      "inputs": {
        "home-manager": "home-manager",
        "nix-cachyos-kernel": "nix-cachyos-kernel",
        "nixos-hardware": "nixos-hardware",
        "nixpak": "nixpak",
        "nixpkgs": "nixpkgs_2",
        "prism-cracked": "prism-cracked"
      }
    }
  },
  "root": "root",
  "version": 7
}
